Microsoft Visual Studio Solution File, Format Version 12.00
# Visual Studio Version 17
VisualStudioVersion = 17.0.31611.283
MinimumVisualStudioVersion = 10.0.40219.1
Project("{9A19103F-16F7-4668-BE54-9A1E7A4F7556}") = "GolemDocumentCreator.MainApp", "GolemDocumentCreator.MainApp\GolemDocumentCreator.MainApp.csproj", "{9C4BAD56-EF7D-402C-8F29-BFA533A56777}"
EndProject
Project("{FAE04EC0-301F-11D3-BF4B-00C04F79EFBC}") = "GolemDocumentCreator.Plugins", "GolemDocumentCreator.Plugins\GolemDocumentCreator.Plugins.csproj", "{E3FCF1F6-6D39-4535-95A8-CD9B8DD19C37}"
EndProject
Global
	GlobalSection(SolutionConfigurationPlatforms) = preSolution
		Debug|Any CPU = Debug|Any CPU
		Release|Any CPU = Release|Any CPU
	EndGlobalSection
	GlobalSection(ProjectConfigurationPlatforms) = postSolution
		{9C4BAD56-EF7D-402C-8F29-BFA533A56777}.Debug|Any CPU.ActiveCfg = Debug|Any CPU
		{9C4BAD56-EF7D-402C-8F29-BFA533A56777}.Debug|Any CPU.Build.0 = Debug|Any CPU
		{9C4BAD56-EF7D-402C-8F29-BFA533A56777}.Debug|Any CPU.Deploy.0 = Debug|Any CPU
		{9C4BAD56-EF7D-402C-8F29-BFA533A56777}.Release|Any CPU.ActiveCfg = Release|Any CPU
		{9C4BAD56-EF7D-402C-8F29-BFA533A56777}.Release|Any CPU.Build.0 = Release|Any CPU
		{9C4BAD56-EF7D-402C-8F29-BFA533A56777}.Release|Any CPU.Deploy.0 = Release|Any CPU
		{E3FCF1F6-6D39-4535-95A8-CD9B8DD19C37}.Debug|Any CPU.ActiveCfg = Debug|Any CPU
		{E3FCF1F6-6D39-4535-95A8-CD9B8DD19C37}.Debug|Any CPU.Build.0 = Debug|Any CPU
		{E3FCF1F6-6D39-4535-95A8-CD9B8DD19C37}.Release|Any CPU.ActiveCfg = Release|Any CPU
		{E3FCF1F6-6D39-4535-95A8-CD9B8DD19C37}.Release|Any CPU.Build.0 = Release|Any CPU
	EndGlobalSection
	GlobalSection(SolutionProperties) = preSolution
		HideSolutionNode = FALSE
	EndGlobalSection
	GlobalSection(ExtensibilityGlobals) = postSolution
		        SolutionGuid = {61F7FB11-1E47-470C-91E2-47F8143E1572}
		SolutionGuid = {30F23934-FE54-4D04-8380-08B380D24C76}
	EndGlobalSection
EndGlobal
